// !$*UTF8*$!
{
	archiveVersion = 1;
	classes = {
	};
	objectVersion = 46;
	objects = {

/* Begin PBXBuildFile section */
		3A11E540195F5F08008A2BAD /* Grid.m in Sources */ = {isa = PBXBuildFile; fileRef = 3A11E53F195F5F08008A2BAD /* Grid.m */; };
		3A1AD08B194BE90400B7B00B /* CardMatchingGame.m in Sources */ = {isa = PBXBuildFile; fileRef = 3A1AD08A194BE90400B7B00B /* CardMatchingGame.m */; };
		3AA58604195DE26200AD683C /* PlayingCardView.m in Sources */ = {isa = PBXBuildFile; fileRef = 3AA58603195DE26200AD683C /* PlayingCardView.m */; };
		3AA58607195DF4B800AD683C /* SetCardView.m in Sources */ = {isa = PBXBuildFile; fileRef = 3AA58606195DF4B800AD683C /* SetCardView.m */; };
		3AA58610195E0E3A00AD683C /* AttributeCounter.m in Sources */ = {isa = PBXBuildFile; fileRef = 3AA5860F195E0E3A00AD683C /* AttributeCounter.m */; };
		791AB8121955D1C8001EE262 /* PlayingCardGameViewController.m in Sources */ = {isa = PBXBuildFile; fileRef = 791AB8111955D1C8001EE262 /* PlayingCardGameViewController.m */; };
		79304E041956260200499D39 /* SetCardDeck.m in Sources */ = {isa = PBXBuildFile; fileRef = 79304E031956260200499D39 /* SetCardDeck.m */; };
		79304E071956269100499D39 /* SetCard.m in Sources */ = {isa = PBXBuildFile; fileRef = 79304E061956269100499D39 /* SetCard.m */; };
		79304E0C19562F9500499D39 /* SetCardGameViewController.m in Sources */ = {isa = PBXBuildFile; fileRef = 79304E0B19562F9500499D39 /* SetCardGameViewController.m */; };
		79658C7C19480C6800ACADD8 /* Foundation.framework in Frameworks */ = {isa = PBXBuildFile; fileRef = 79658C7B19480C6800ACADD8 /* Foundation.framework */; };
		79658C7E19480C6800ACADD8 /* CoreGraphics.framework in Frameworks */ = {isa = PBXBuildFile; fileRef = 79658C7D19480C6800ACADD8 /* CoreGraphics.framework */; };
		79658C8019480C6800ACADD8 /* UIKit.framework in Frameworks */ = {isa = PBXBuildFile; fileRef = 79658C7F19480C6800ACADD8 /* UIKit.framework */; };
		79658C8619480C6800ACADD8 /* InfoPlist.strings in Resources */ = {isa = PBXBuildFile; fileRef = 79658C8419480C6800ACADD8 /* InfoPlist.strings */; };
		79658C8819480C6800ACADD8 /* main.m in Sources */ = {isa = PBXBuildFile; fileRef = 79658C8719480C6800ACADD8 /* main.m */; };
		79658C8C19480C6800ACADD8 /* CardGameAppDelegate.m in Sources */ = {isa = PBXBuildFile; fileRef = 79658C8B19480C6800ACADD8 /* CardGameAppDelegate.m */; };
		79658C8F19480C6800ACADD8 /* Main.storyboard in Resources */ = {isa = PBXBuildFile; fileRef = 79658C8D19480C6800ACADD8 /* Main.storyboard */; };
		79658C9219480C6800ACADD8 /* CardGameViewController.m in Sources */ = {isa = PBXBuildFile; fileRef = 79658C9119480C6800ACADD8 /* CardGameViewController.m */; };
		79658C9419480C6800ACADD8 /* Images.xcassets in Resources */ = {isa = PBXBuildFile; fileRef = 79658C9319480C6800ACADD8 /* Images.xcassets */; };
		79658C9B19480C6800ACADD8 /* XCTest.framework in Frameworks */ = {isa = PBXBuildFile; fileRef = 79658C9A19480C6800ACADD8 /* XCTest.framework */; };
		79658C9C19480C6800ACADD8 /* Foundation.framework in Frameworks */ = {isa = PBXBuildFile; fileRef = 79658C7B19480C6800ACADD8 /* Foundation.framework */; };
		79658C9D19480C6800ACADD8 /* UIKit.framework in Frameworks */ = {isa = PBXBuildFile; fileRef = 79658C7F19480C6800ACADD8 /* UIKit.framework */; };
		79658CA519480C6800ACADD8 /* InfoPlist.strings in Resources */ = {isa = PBXBuildFile; fileRef = 79658CA319480C6800ACADD8 /* InfoPlist.strings */; };
		79658CA719480C6800ACADD8 /* MatchismoTests.m in Sources */ = {isa = PBXBuildFile; fileRef = 79658CA619480C6800ACADD8 /* MatchismoTests.m */; };
		79658CB21948184F00ACADD8 /* Card.m in Sources */ = {isa = PBXBuildFile; fileRef = 79658CB11948184F00ACADD8 /* Card.m */; };
		79658CB619481A6B00ACADD8 /* PlayingCard.m in Sources */ = {isa = PBXBuildFile; fileRef = 79658CB519481A6B00ACADD8 /* PlayingCard.m */; };
		79658CB919481DCC00ACADD8 /* Deck.m in Sources */ = {isa = PBXBuildFile; fileRef = 79658CB819481DCC00ACADD8 /* Deck.m */; };
		79658CBC19481F1200ACADD8 /* PlayingCardDeck.m in Sources */ = {isa = PBXBuildFile; fileRef = 79658CBB19481F1200ACADD8 /* PlayingCardDeck.m */; };
/* End PBXBuildFile section */

/* Begin PBXContainerItemProxy section */
		79658C9E19480C6800ACADD8 /* PBXContainerItemProxy */ = {
			isa = PBXContainerItemProxy;
			containerPortal = 79658C7019480C6800ACADD8 /* Project object */;
			proxyType = 1;
			remoteGlobalIDString = 79658C7719480C6800ACADD8;
			remoteInfo = Matchismo;
		};
/* End PBXContainerItemProxy section */

/* Begin PBXFileReference section */
		3A11E53E195F5F08008A2BAD /* Grid.h */ = {isa = PBXFileReference; fileEncoding = 4; lastKnownFileType = sourcecode.c.h; path = Grid.h; sourceTree = "<group>"; };
		3A11E53F195F5F08008A2BAD /* Grid.m */ = {isa = PBXFileReference; fileEncoding = 4; lastKnownFileType = sourcecode.c.objc; path = Grid.m; sourceTree = "<group>"; };
		3A1AD089194BE90400B7B00B /* CardMatchingGame.h */ = {isa = PBXFileReference; fileEncoding = 4; lastKnownFileType = sourcecode.c.h; name = CardMatchingGame.h; path = Model/CardMatchingGame.h; sourceTree = "<group>"; };
		3A1AD08A194BE90400B7B00B /* CardMatchingGame.m */ = {isa = PBXFileReference; fileEncoding = 4; lastKnownFileType = sourcecode.c.objc; name = CardMatchingGame.m; path = Model/CardMatchingGame.m; sourceTree = "<group>"; };
		3AA58602195DE26200AD683C /* PlayingCardView.h */ = {isa = PBXFileReference; fileEncoding = 4; lastKnownFileType = sourcecode.c.h; path = PlayingCardView.h; sourceTree = "<group>"; };
		3AA58603195DE26200AD683C /* PlayingCardView.m */ = {isa = PBXFileReference; fileEncoding = 4; lastKnownFileType = sourcecode.c.objc; path = PlayingCardView.m; sourceTree = "<group>"; };
		3AA58605195DF4B800AD683C /* SetCardView.h */ = {isa = PBXFileReference; fileEncoding = 4; lastKnownFileType = sourcecode.c.h; path = SetCardView.h; sourceTree = "<group>"; };
		3AA58606195DF4B800AD683C /* SetCardView.m */ = {isa = PBXFileReference; fileEncoding = 4; lastKnownFileType = sourcecode.c.objc; path = SetCardView.m; sourceTree = "<group>"; };
		3AA5860E195E0E3A00AD683C /* AttributeCounter.h */ = {isa = PBXFileReference; fileEncoding = 4; lastKnownFileType = sourcecode.c.h; name = AttributeCounter.h; path = Model/AttributeCounter.h; sourceTree = "<group>"; };
		3AA5860F195E0E3A00AD683C /* AttributeCounter.m */ = {isa = PBXFileReference; fileEncoding = 4; lastKnownFileType = sourcecode.c.objc; name = AttributeCounter.m; path = Model/AttributeCounter.m; sourceTree = "<group>"; };
		791AB8101955D1C8001EE262 /* PlayingCardGameViewController.h */ = {isa = PBXFileReference; fileEncoding = 4; lastKnownFileType = sourcecode.c.h; path = PlayingCardGameViewController.h; sourceTree = "<group>"; };
		791AB8111955D1C8001EE262 /* PlayingCardGameViewController.m */ = {isa = PBXFileReference; fileEncoding = 4; lastKnownFileType = sourcecode.c.objc; path = PlayingCardGameViewController.m; sourceTree = "<group>"; };
		79304E021956260200499D39 /* SetCardDeck.h */ = {isa = PBXFileReference; fileEncoding = 4; lastKnownFileType = sourcecode.c.h; name = SetCardDeck.h; path = Model/SetCardDeck.h; sourceTree = "<group>"; };
		79304E031956260200499D39 /* SetCardDeck.m */ = {isa = PBXFileReference; fileEncoding = 4; lastKnownFileType = sourcecode.c.objc; name = SetCardDeck.m; path = Model/SetCardDeck.m; sourceTree = "<group>"; };
		79304E051956269100499D39 /* SetCard.h */ = {isa = PBXFileReference; fileEncoding = 4; lastKnownFileType = sourcecode.c.h; name = SetCard.h; path = Model/SetCard.h; sourceTree = "<group>"; };
		79304E061956269100499D39 /* SetCard.m */ = {isa = PBXFileReference; fileEncoding = 4; lastKnownFileType = sourcecode.c.objc; name = SetCard.m; path = Model/SetCard.m; sourceTree = "<group>"; };
		79304E0A19562F9500499D39 /* SetCardGameViewController.h */ = {isa = PBXFileReference; fileEncoding = 4; lastKnownFileType = sourcecode.c.h; path = SetCardGameViewController.h; sourceTree = "<group>"; };
		79304E0B19562F9500499D39 /* SetCardGameViewController.m */ = {isa = PBXFileReference; fileEncoding = 4; lastKnownFileType = sourcecode.c.objc; path = SetCardGameViewController.m; sourceTree = "<group>"; };
		79658C7819480C6800ACADD8 /* Matchismo.app */ = {isa = PBXFileReference; explicitFileType = wrapper.application; includeInIndex = 0; path = Matchismo.app; sourceTree = BUILT_PRODUCTS_DIR; };
		79658C7B19480C6800ACADD8 /* Foundation.framework */ = {isa = PBXFileReference; lastKnownFileType = wrapper.framework; name = Foundation.framework; path = System/Library/Frameworks/Foundation.framework; sourceTree = SDKROOT; };
		79658C7D19480C6800ACADD8 /* CoreGraphics.framework */ = {isa = PBXFileReference; lastKnownFileType = wrapper.framework; name = CoreGraphics.framework; path = System/Library/Frameworks/CoreGraphics.framework; sourceTree = SDKROOT; };
		79658C7F19480C6800ACADD8 /* UIKit.framework */ = {isa = PBXFileReference; lastKnownFileType = wrapper.framework; name = UIKit.framework; path = System/Library/Frameworks/UIKit.framework; sourceTree = SDKROOT; };
		79658C8319480C6800ACADD8 /* Matchismo-Info.plist */ = {isa = PBXFileReference; lastKnownFileType = text.plist.xml; path = "Matchismo-Info.plist"; sourceTree = "<group>"; };
		79658C8519480C6800ACADD8 /* en */ = {isa = PBXFileReference; lastKnownFileType = text.plist.strings; name = en; path = en.lproj/InfoPlist.strings; sourceTree = "<group>"; };
		79658C8719480C6800ACADD8 /* main.m */ = {isa = PBXFileReference; lastKnownFileType = sourcecode.c.objc; path = main.m; sourceTree = "<group>"; };
		79658C8919480C6800ACADD8 /* Matchismo-Prefix.pch */ = {isa = PBXFileReference; lastKnownFileType = sourcecode.c.h; path = "Matchismo-Prefix.pch"; sourceTree = "<group>"; };
		79658C8A19480C6800ACADD8 /* CardGameAppDelegate.h */ = {isa = PBXFileReference; lastKnownFileType = sourcecode.c.h; path = CardGameAppDelegate.h; sourceTree = "<group>"; };
		79658C8B19480C6800ACADD8 /* CardGameAppDelegate.m */ = {isa = PBXFileReference; lastKnownFileType = sourcecode.c.objc; path = CardGameAppDelegate.m; sourceTree = "<group>"; };
		79658C8E19480C6800ACADD8 /* Base */ = {isa = PBXFileReference; lastKnownFileType = file.storyboard; name = Base; path = Base.lproj/Main.storyboard; sourceTree = "<group>"; };
		79658C9019480C6800ACADD8 /* CardGameViewController.h */ = {isa = PBXFileReference; lastKnownFileType = sourcecode.c.h; path = CardGameViewController.h; sourceTree = "<group>"; };
		79658C9119480C6800ACADD8 /* CardGameViewController.m */ = {isa = PBXFileReference; lastKnownFileType = sourcecode.c.objc; path = CardGameViewController.m; sourceTree = "<group>"; };
		79658C9319480C6800ACADD8 /* Images.xcassets */ = {isa = PBXFileReference; lastKnownFileType = folder.assetcatalog; path = Images.xcassets; sourceTree = "<group>"; };
		79658C9919480C6800ACADD8 /* MatchismoTests.xctest */ = {isa = PBXFileReference; explicitFileType = wrapper.cfbundle; includeInIndex = 0; path = MatchismoTests.xctest; sourceTree = BUILT_PRODUCTS_DIR; };
		79658C9A19480C6800ACADD8 /* XCTest.framework */ = {isa = PBXFileReference; lastKnownFileType = wrapper.framework; name = XCTest.framework; path = Library/Frameworks/XCTest.framework; sourceTree = DEVELOPER_DIR; };
		79658CA219480C6800ACADD8 /* MatchismoTests-Info.plist */ = {isa = PBXFileReference; lastKnownFileType = text.plist.xml; path = "MatchismoTests-Info.plist"; sourceTree = "<group>"; };
		79658CA419480C6800ACADD8 /* en */ = {isa = PBXFileReference; lastKnownFileType = text.plist.strings; name = en; path = en.lproj/InfoPlist.strings; sourceTree = "<group>"; };
		79658CA619480C6800ACADD8 /* MatchismoTests.m */ = {isa = PBXFileReference; lastKnownFileType = sourcecode.c.objc; path = MatchismoTests.m; sourceTree = "<group>"; };
		79658CB01948184F00ACADD8 /* Card.h */ = {isa = PBXFileReference; fileEncoding = 4; lastKnownFileType = sourcecode.c.h; name = Card.h; path = Model/Card.h; sourceTree = "<group>"; };
		79658CB11948184F00ACADD8 /* Card.m */ = {isa = PBXFileReference; fileEncoding = 4; lastKnownFileType = sourcecode.c.objc; name = Card.m; path = Model/Card.m; sourceTree = "<group>"; };
		79658CB419481A6B00ACADD8 /* PlayingCard.h */ = {isa = PBXFileReference; fileEncoding = 4; lastKnownFileType = sourcecode.c.h; name = PlayingCard.h; path = Model/PlayingCard.h; sourceTree = "<group>"; };
		79658CB519481A6B00ACADD8 /* PlayingCard.m */ = {isa = PBXFileReference; fileEncoding = 4; lastKnownFileType = sourcecode.c.objc; name = PlayingCard.m; path = Model/PlayingCard.m; sourceTree = "<group>"; };
		79658CB719481DCC00ACADD8 /* Deck.h */ = {isa = PBXFileReference; fileEncoding = 4; lastKnownFileType = sourcecode.c.h; name = Deck.h; path = Model/Deck.h; sourceTree = "<group>"; };
		79658CB819481DCC00ACADD8 /* Deck.m */ = {isa = PBXFileReference; fileEncoding = 4; lastKnownFileType = sourcecode.c.objc; name = Deck.m; path = Model/Deck.m; sourceTree = "<group>"; };
		79658CBA19481F1200ACADD8 /* PlayingCardDeck.h */ = {isa = PBXFileReference; fileEncoding = 4; lastKnownFileType = sourcecode.c.h; name = PlayingCardDeck.h; path = Model/PlayingCardDeck.h; sourceTree = "<group>"; };
		79658CBB19481F1200ACADD8 /* PlayingCardDeck.m */ = {isa = PBXFileReference; fileEncoding = 4; lastKnownFileType = sourcecode.c.objc; name = PlayingCardDeck.m; path = Model/PlayingCardDeck.m; sourceTree = "<group>"; };
/* End PBXFileReference section */

/* Begin PBXFrameworksBuildPhase section */
		79658C7519480C6800ACADD8 /* Frameworks */ = {
			isa = PBXFrameworksBuildPhase;
			buildActionMask = 2147483647;
			files = (
				79658C7E19480C6800ACADD8 /* CoreGraphics.framework in Frameworks */,
				79658C8019480C6800ACADD8 /* UIKit.framework in Frameworks */,
				79658C7C19480C6800ACADD8 /* Foundation.framework in Frameworks */,
			);
			runOnlyForDeploymentPostprocessing = 0;
		};
		79658C9619480C6800ACADD8 /* Frameworks */ = {
			isa = PBXFrameworksBuildPhase;
			buildActionMask = 2147483647;
			files = (
				79658C9B19480C6800ACADD8 /* XCTest.framework in Frameworks */,
				79658C9D19480C6800ACADD8 /* UIKit.framework in Frameworks */,
				79658C9C19480C6800ACADD8 /* Foundation.framework in Frameworks */,
			);
			runOnlyForDeploymentPostprocessing = 0;
		};
/* End PBXFrameworksBuildPhase section */

/* Begin PBXGroup section */
		79304E08195626A100499D39 /* Cards */ = {
			isa = PBXGroup;
			children = (
				79658CB419481A6B00ACADD8 /* PlayingCard.h */,
				79658CB519481A6B00ACADD8 /* PlayingCard.m */,
				79304E051956269100499D39 /* SetCard.h */,
				79304E061956269100499D39 /* SetCard.m */,
				79658CB01948184F00ACADD8 /* Card.h */,
				79658CB11948184F00ACADD8 /* Card.m */,
			);
			name = Cards;
			sourceTree = "<group>";
		};
		79304E09195626B200499D39 /* Decks */ = {
			isa = PBXGroup;
			children = (
				79658CBA19481F1200ACADD8 /* PlayingCardDeck.h */,
				79658CBB19481F1200ACADD8 /* PlayingCardDeck.m */,
				79304E021956260200499D39 /* SetCardDeck.h */,
				79304E031956260200499D39 /* SetCardDeck.m */,
				79658CB719481DCC00ACADD8 /* Deck.h */,
				79658CB819481DCC00ACADD8 /* Deck.m */,
			);
			name = Decks;
			sourceTree = "<group>";
		};
		79658C6F19480C6800ACADD8 = {
			isa = PBXGroup;
			children = (
				79658C8119480C6800ACADD8 /* Matchismo */,
				79658CA019480C6800ACADD8 /* MatchismoTests */,
				79658C7A19480C6800ACADD8 /* Frameworks */,
				79658C7919480C6800ACADD8 /* Products */,
			);
			sourceTree = "<group>";
		};
		79658C7919480C6800ACADD8 /* Products */ = {
			isa = PBXGroup;
			children = (
				79658C7819480C6800ACADD8 /* Matchismo.app */,
				79658C9919480C6800ACADD8 /* MatchismoTests.xctest */,
			);
			name = Products;
			sourceTree = "<group>";
		};
		79658C7A19480C6800ACADD8 /* Frameworks */ = {
			isa = PBXGroup;
			children = (
				79658C7B19480C6800ACADD8 /* Foundation.framework */,
				79658C7D19480C6800ACADD8 /* CoreGraphics.framework */,
				79658C7F19480C6800ACADD8 /* UIKit.framework */,
				79658C9A19480C6800ACADD8 /* XCTest.framework */,
			);
			name = Frameworks;
			sourceTree = "<group>";
		};
		79658C8119480C6800ACADD8 /* Matchismo */ = {
			isa = PBXGroup;
			children = (
				79658C8D19480C6800ACADD8 /* Main.storyboard */,
				79304E0A19562F9500499D39 /* SetCardGameViewController.h */,
				79304E0B19562F9500499D39 /* SetCardGameViewController.m */,
				791AB8101955D1C8001EE262 /* PlayingCardGameViewController.h */,
				791AB8111955D1C8001EE262 /* PlayingCardGameViewController.m */,
				79658C9019480C6800ACADD8 /* CardGameViewController.h */,
				79658C9119480C6800ACADD8 /* CardGameViewController.m */,
				3AA58605195DF4B800AD683C /* SetCardView.h */,
				3AA58606195DF4B800AD683C /* SetCardView.m */,
				3AA58602195DE26200AD683C /* PlayingCardView.h */,
				3AA58603195DE26200AD683C /* PlayingCardView.m */,
				3A11E53E195F5F08008A2BAD /* Grid.h */,
				3A11E53F195F5F08008A2BAD /* Grid.m */,
				79658CB31948188A00ACADD8 /* Model */,
				79658C9319480C6800ACADD8 /* Images.xcassets */,
				79658C8219480C6800ACADD8 /* Supporting Files */,
			);
			path = Matchismo;
			sourceTree = "<group>";
		};
		79658C8219480C6800ACADD8 /* Supporting Files */ = {
			isa = PBXGroup;
			children = (
				79658C8A19480C6800ACADD8 /* CardGameAppDelegate.h */,
				79658C8B19480C6800ACADD8 /* CardGameAppDelegate.m */,
				79658C8319480C6800ACADD8 /* Matchismo-Info.plist */,
				79658C8419480C6800ACADD8 /* InfoPlist.strings */,
				79658C8719480C6800ACADD8 /* main.m */,
				79658C8919480C6800ACADD8 /* Matchismo-Prefix.pch */,
			);
			name = "Supporting Files";
			sourceTree = "<group>";
		};
		79658CA019480C6800ACADD8 /* MatchismoTests */ = {
			isa = PBXGroup;
			children = (
				79658CA619480C6800ACADD8 /* MatchismoTests.m */,
				79658CA119480C6800ACADD8 /* Supporting Files */,
			);
			path = MatchismoTests;
			sourceTree = "<group>";
		};
		79658CA119480C6800ACADD8 /* Supporting Files */ = {
			isa = PBXGroup;
			children = (
				79658CA219480C6800ACADD8 /* MatchismoTests-Info.plist */,
				79658CA319480C6800ACADD8 /* InfoPlist.strings */,
			);
			name = "Supporting Files";
			sourceTree = "<group>";
		};
		79658CB31948188A00ACADD8 /* Model */ = {
			isa = PBXGroup;
			children = (
				3AA5860E195E0E3A00AD683C /* AttributeCounter.h */,
				3AA5860F195E0E3A00AD683C /* AttributeCounter.m */,
				3A1AD089194BE90400B7B00B /* CardMatchingGame.h */,
				3A1AD08A194BE90400B7B00B /* CardMatchingGame.m */,
				79304E09195626B200499D39 /* Decks */,
				79304E08195626A100499D39 /* Cards */,
			);
			name = Model;
			sourceTree = "<group>";
		};
/* End PBXGroup section */

/* Begin PBXNativeTarget section */
		79658C7719480C6800ACADD8 /* Matchismo */ = {
			isa = PBXNativeTarget;
			buildConfigurationList = 79658CAA19480C6800ACADD8 /* Build configuration list for PBXNativeTarget "Matchismo" */;
			buildPhases = (
				79658C7419480C6800ACADD8 /* Sources */,
				79658C7519480C6800ACADD8 /* Frameworks */,
				79658C7619480C6800ACADD8 /* Resources */,
			);
			buildRules = (
			);
			dependencies = (
			);
			name = Matchismo;
			productName = Matchismo;
			productReference = 79658C7819480C6800ACADD8 /* Matchismo.app */;
			productType = "com.apple.product-type.application";
		};
		79658C9819480C6800ACADD8 /* MatchismoTests */ = {
			isa = PBXNativeTarget;
			buildConfigurationList = 79658CAD19480C6800ACADD8 /* Build configuration list for PBXNativeTarget "MatchismoTests" */;
			buildPhases = (
				79658C9519480C6800ACADD8 /* Sources */,
				79658C9619480C6800ACADD8 /* Frameworks */,
				79658C9719480C6800ACADD8 /* Resources */,
			);
			buildRules = (
			);
			dependencies = (
				79658C9F19480C6800ACADD8 /* PBXTargetDependency */,
			);
			name = MatchismoTests;
			productName = MatchismoTests;
			productReference = 79658C9919480C6800ACADD8 /* MatchismoTests.xctest */;
			productType = "com.apple.product-type.bundle.unit-test";
		};
/* End PBXNativeTarget section */

/* Begin PBXProject section */
		79658C7019480C6800ACADD8 /* Project object */ = {
			isa = PBXProject;
			attributes = {
				CLASSPREFIX = CardGame;
				LastUpgradeCheck = 0510;
				ORGANIZATIONNAME = "Scott Moen";
				TargetAttributes = {
					79658C9819480C6800ACADD8 = {
						TestTargetID = 79658C7719480C6800ACADD8;
					};
				};
			};
			buildConfigurationList = 79658C7319480C6800ACADD8 /* Build configuration list for PBXProject "Matchismo" */;
			compatibilityVersion = "Xcode 3.2";
			developmentRegion = English;
			hasScannedForEncodings = 0;
			knownRegions = (
				en,
				Base,
			);
			mainGroup = 79658C6F19480C6800ACADD8;
			productRefGroup = 79658C7919480C6800ACADD8 /* Products */;
			projectDirPath = "";
			projectRoot = "";
			targets = (
				79658C7719480C6800ACADD8 /* Matchismo */,
				79658C9819480C6800ACADD8 /* MatchismoTests */,
			);
		};
/* End PBXProject section */

/* Begin PBXResourcesBuildPhase section */
		79658C7619480C6800ACADD8 /* Resources */ = {
			isa = PBXResourcesBuildPhase;
			buildActionMask = 2147483647;
			files = (
				79658C9419480C6800ACADD8 /* Images.xcassets in Resources */,
				79658C8619480C6800ACADD8 /* InfoPlist.strings in Resources */,
				79658C8F19480C6800ACADD8 /* Main.storyboard in Resources */,
			);
			runOnlyForDeploymentPostprocessing = 0;
		};
		79658C9719480C6800ACADD8 /* Resources */ = {
			isa = PBXResourcesBuildPhase;
			buildActionMask = 2147483647;
			files = (
				79658CA519480C6800ACADD8 /* InfoPlist.strings in Resources */,
			);
			runOnlyForDeploymentPostprocessing = 0;
		};
/* End PBXResourcesBuildPhase section */

/* Begin PBXSourcesBuildPhase section */
		79658C7419480C6800ACADD8 /* Sources */ = {
			isa = PBXSourcesBuildPhase;
			buildActionMask = 2147483647;
			files = (
				79658C8C19480C6800ACADD8 /* CardGameAppDelegate.m in Sources */,
				79658C9219480C6800ACADD8 /* CardGameViewController.m in Sources */,
				79304E0C19562F9500499D39 /* SetCardGameViewController.m in Sources */,
				79304E071956269100499D39 /* SetCard.m in Sources */,
				3AA58604195DE26200AD683C /* PlayingCardView.m in Sources */,
				3AA58607195DF4B800AD683C /* SetCardView.m in Sources */,
				79658C8819480C6800ACADD8 /* main.m in Sources */,
				3A11E540195F5F08008A2BAD /* Grid.m in Sources */,
				3AA58610195E0E3A00AD683C /* AttributeCounter.m in Sources */,
				79658CB619481A6B00ACADD8 /* PlayingCard.m in Sources */,
				3A1AD08B194BE90400B7B00B /* CardMatchingGame.m in Sources */,
				79658CBC19481F1200ACADD8 /* PlayingCardDeck.m in Sources */,
				79658CB919481DCC00ACADD8 /* Deck.m in Sources */,
				79658CB21948184F00ACADD8 /* Card.m in Sources */,
				791AB8121955D1C8001EE262 /* PlayingCardGameViewController.m in Sources */,
				79304E041956260200499D39 /* SetCardDeck.m in Sources */,
			);
			runOnlyForDeploymentPostprocessing = 0;
		};
		79658C9519480C6800ACADD8 /* Sources */ = {
			isa = PBXSourcesBuildPhase;
			buildActionMask = 2147483647;
			files = (
				79658CA719480C6800ACADD8 /* MatchismoTests.m in Sources */,
			);
			runOnlyForDeploymentPostprocessing = 0;
		};
/* End PBXSourcesBuildPhase section */

/* Begin PBXTargetDependency section */
		79658C9F19480C6800ACADD8 /* PBXTargetDependency */ = {
			isa = PBXTargetDependency;
			target = 79658C7719480C6800ACADD8 /* Matchismo */;
			targetProxy = 79658C9E19480C6800ACADD8 /* PBXContainerItemProxy */;
		};
/* End PBXTargetDependency section */

/* Begin PBXVariantGroup section */
		79658C8419480C6800ACADD8 /* InfoPlist.strings */ = {
			isa = PBXVariantGroup;
			children = (
				79658C8519480C6800ACADD8 /* en */,
			);
			name = InfoPlist.strings;
			sourceTree = "<group>";
		};
		79658C8D19480C6800ACADD8 /* Main.storyboard */ = {
			isa = PBXVariantGroup;
			children = (
				79658C8E19480C6800ACADD8 /* Base */,
			);
			name = Main.storyboard;
			sourceTree = "<group>";
		};
		79658CA319480C6800ACADD8 /* InfoPlist.strings */ = {
			isa = PBXVariantGroup;
			children = (
				79658CA419480C6800ACADD8 /* en */,
			);
			name = InfoPlist.strings;
			sourceTree = "<group>";
		};
/* End PBXVariantGroup section */

/* Begin XCBuildConfiguration section */
		79658CA819480C6800ACADD8 /* Debug */ = {
			isa = XCBuildConfiguration;
			buildSettings = {
				ALWAYS_SEARCH_USER_PATHS = NO;
				CLANG_CXX_LANGUAGE_STANDARD = "gnu++0x";
				CLANG_CXX_LIBRARY = "libc++";
				CLANG_ENABLE_MODULES = YES;
				CLANG_ENABLE_OBJC_ARC = YES;
				CLANG_WARN_BOOL_CONVERSION = YES;
				CLANG_WARN_CONSTANT_CONVERSION = YES;
				CLANG_WARN_DIRECT_OBJC_ISA_USAGE = YES_ERROR;
				CLANG_WARN_EMPTY_BODY = YES;
				CLANG_WARN_ENUM_CONVERSION = YES;
				CLANG_WARN_INT_CONVERSION = YES;
				CLANG_WARN_OBJC_ROOT_CLASS = YES_ERROR;
				CLANG_WARN__DUPLICATE_METHOD_MATCH = YES;
				"CODE_SIGN_IDENTITY[sdk=iphoneos*]" = "iPhone Developer";
				COPY_PHASE_STRIP = NO;
				GCC_C_LANGUAGE_STANDARD = gnu99;
				GCC_DYNAMIC_NO_PIC = NO;
				GCC_OPTIMIZATION_LEVEL = 0;
				GCC_PREPROCESSOR_DEFINITIONS = (
					"DEBUG=1",
					"$(inherited)",
				);
				GCC_SYMBOLS_PRIVATE_EXTERN = NO;
				GCC_WARN_64_TO_32_BIT_CONVERSION = YES;
				GCC_WARN_ABOUT_RETURN_TYPE = YES_ERROR;
				GCC_WARN_UNDECLARED_SELECTOR = YES;
				GCC_WARN_UNINITIALIZED_AUTOS = YES_AGGRESSIVE;
				GCC_WARN_UNUSED_FUNCTION = YES;
				GCC_WARN_UNUSED_VARIABLE = YES;
				IPHONEOS_DEPLOYMENT_TARGET = 7.1;
				ONLY_ACTIVE_ARCH = YES;
				SDKROOT = iphoneos;
			};
			name = Debug;
		};
		79658CA919480C6800ACADD8 /* Release */ = {
			isa = XCBuildConfiguration;
			buildSettings = {
				ALWAYS_SEARCH_USER_PATHS = NO;
				CLANG_CXX_LANGUAGE_STANDARD = "gnu++0x";
				CLANG_CXX_LIBRARY = "libc++";
				CLANG_ENABLE_MODULES = YES;
				CLANG_ENABLE_OBJC_ARC = YES;
				CLANG_WARN_BOOL_CONVERSION = YES;
				CLANG_WARN_CONSTANT_CONVERSION = YES;
				CLANG_WARN_DIRECT_OBJC_ISA_USAGE = YES_ERROR;
				CLANG_WARN_EMPTY_BODY = YES;
				CLANG_WARN_ENUM_CONVERSION = YES;
				CLANG_WARN_INT_CONVERSION = YES;
				CLANG_WARN_OBJC_ROOT_CLASS = YES_ERROR;
				CLANG_WARN__DUPLICATE_METHOD_MATCH = YES;
				"CODE_SIGN_IDENTITY[sdk=iphoneos*]" = "iPhone Developer";
				COPY_PHASE_STRIP = YES;
				ENABLE_NS_ASSERTIONS = NO;
				GCC_C_LANGUAGE_STANDARD = gnu99;
				GCC_WARN_64_TO_32_BIT_CONVERSION = YES;
				GCC_WARN_ABOUT_RETURN_TYPE = YES_ERROR;
				GCC_WARN_UNDECLARED_SELECTOR = YES;
				GCC_WARN_UNINITIALIZED_AUTOS = YES_AGGRESSIVE;
				GCC_WARN_UNUSED_FUNCTION = YES;
				GCC_WARN_UNUSED_VARIABLE = YES;
				IPHONEOS_DEPLOYMENT_TARGET = 7.1;
				SDKROOT = iphoneos;
				VALIDATE_PRODUCT = YES;
			};
			name = Release;
		};
		79658CAB19480C6800ACADD8 /* Debug */ = {
			isa = XCBuildConfiguration;
			buildSettings = {
				ASSETCATALOG_COMPILER_APPICON_NAME = AppIcon;
				ASSETCATALOG_COMPILER_LAUNCHIMAGE_NAME = LaunchImage;
				GCC_PRECOMPILE_PREFIX_HEADER = YES;
				GCC_PREFIX_HEADER = "Matchismo/Matchismo-Prefix.pch";
				INFOPLIST_FILE = "Matchismo/Matchismo-Info.plist";
				PRODUCT_NAME = "$(TARGET_NAME)";
				WRAPPER_EXTENSION = app;
			};
			name = Debug;
		};
		79658CAC19480C6800ACADD8 /* Release */ = {
			isa = XCBuildConfiguration;
			buildSettings = {
				ASSETCATALOG_COMPILER_APPICON_NAME = AppIcon;
				ASSETCATALOG_COMPILER_LAUNCHIMAGE_NAME = LaunchImage;
				GCC_PRECOMPILE_PREFIX_HEADER = YES;
				GCC_PREFIX_HEADER = "Matchismo/Matchismo-Prefix.pch";
				INFOPLIST_FILE = "Matchismo/Matchismo-Info.plist";
				PRODUCT_NAME = "$(TARGET_NAME)";
				WRAPPER_EXTENSION = app;
			};
			name = Release;
		};
		79658CAE19480C6800ACADD8 /* Debug */ = {
			isa = XCBuildConfiguration;
			buildSettings = {
				BUNDLE_LOADER = "$(BUILT_PRODUCTS_DIR)/Matchismo.app/Matchismo";
				FRAMEWORK_SEARCH_PATHS = (
					"$(SDKROOT)/Developer/Library/Frameworks",
					"$(inherited)",
					"$(DEVELOPER_FRAMEWORKS_DIR)",
				);
				GCC_PRECOMPILE_PREFIX_HEADER = YES;
				GCC_PREFIX_HEADER = "Matchismo/Matchismo-Prefix.pch";
				GCC_PREPROCESSOR_DEFINITIONS = (
					"DEBUG=1",
					"$(inherited)",
				);
				INFOPLIST_FILE = "MatchismoTests/MatchismoTests-Info.plist";
				PRODUCT_NAME = "$(TARGET_NAME)";
				TEST_HOST = "$(BUNDLE_LOADER)";
				WRAPPER_EXTENSION = xctest;
			};
			name = Debug;
		};
		79658CAF19480C6800ACADD8 /* Release */ = {
			isa = XCBuildConfiguration;
			buildSettings = {
				BUNDLE_LOADER = "$(BUILT_PRODUCTS_DIR)/Matchismo.app/Matchismo";
				FRAMEWORK_SEARCH_PATHS = (
					"$(SDKROOT)/Developer/Library/Frameworks",
					"$(inherited)",
					"$(DEVELOPER_FRAMEWORKS_DIR)",
				);
				GCC_PRECOMPILE_PREFIX_HEADER = YES;
				GCC_PREFIX_HEADER = "Matchismo/Matchismo-Prefix.pch";
				INFOPLIST_FILE = "MatchismoTests/MatchismoTests-Info.plist";
				PRODUCT_NAME = "$(TARGET_NAME)";
				TEST_HOST = "$(BUNDLE_LOADER)";
				WRAPPER_EXTENSION = xctest;
			};
			name = Release;
		};
/* End XCBuildConfiguration section */

/* Begin XCConfigurationList section */
		79658C7319480C6800ACADD8 /* Build configuration list for PBXProject "Matchismo" */ = {
			isa = XCConfigurationList;
			buildConfigurations = (
				79658CA819480C6800ACADD8 /* Debug */,
				79658CA919480C6800ACADD8 /* Release */,
			);
			defaultConfigurationIsVisible = 0;
			defaultConfigurationName = Release;
		};
		79658CAA19480C6800ACADD8 /* Build configuration list for PBXNativeTarget "Matchismo" */ = {
			isa = XCConfigurationList;
			buildConfigurations = (
				79658CAB19480C6800ACADD8 /* Debug */,
				79658CAC19480C6800ACADD8 /* Release */,
			);
			defaultConfigurationIsVisible = 0;
			defaultConfigurationName = Release;
		};
		79658CAD19480C6800ACADD8 /* Build configuration list for PBXNativeTarget "MatchismoTests" */ = {
			isa = XCConfigurationList;
			buildConfigurations = (
				79658CAE19480C6800ACADD8 /* Debug */,
				79658CAF19480C6800ACADD8 /* Release */,
			);
			defaultConfigurationIsVisible = 0;
			defaultConfigurationName = Release;
		};
/* End XCConfigurationList section */
	};
	rootObject = 79658C7019480C6800ACADD8 /* Project object */;
}
